
Microsoft Visual Studio Solution File, Format Version 12.00
# Visual Studio Version 17
VisualStudioVersion = 17.9.34616.47
MinimumVisualStudioVersion = 10.0.40219.1
Project("{8BC9CEB8-8B4A-11D0-8D11-00A0C91BC942}") = "pertemuan10", "pertemuan10\pertemuan10.vcxproj", "{3D5554FA-F29B-44AC-818D-033F7C6F3D48}"
EndProject
Project("{8BC9CEB8-8B4A-11D0-8D11-00A0C91BC942}") = "static function", "static function\static function.vcxproj", "{EA564F36-C42B-47F5-9FF9-62C91D8C14C9}"
EndProject
Project("{8BC9CEB8-8B4A-11D0-8D11-00A0C91BC942}") = "overloading constructor", "overloading constructor\overloading constructor.vcxproj", "{425C8D3F-BCC5-419B-8225-1879B18974F4}"
EndProject
Project("{8BC9CEB8-8B4A-11D0-8D11-00A0C91BC942}") = "destructor", "destructor\destructor.vcxproj", "{4BCA4834-0B7A-431C-8D66-B5369391DECF}"
EndProject
Project("{8BC9CEB8-8B4A-11D0-8D11-00A0C91BC942}") = "chain function", "chain function\chain function.vcxproj", "{F240DDE8-B976-4B45-82DD-E39E4EB51927}"
EndProject
Global
	GlobalSection(SolutionConfigurationPlatforms) = preSolution
		Debug|x64 = Debug|x64
		Debug|x86 = Debug|x86
		Release|x64 = Release|x64
		Release|x86 = Release|x86
	EndGlobalSection
	GlobalSection(ProjectConfigurationPlatforms) = postSolution
		{3D5554FA-F29B-44AC-818D-033F7C6F3D48}.Debug|x64.ActiveCfg = Debug|x64
		{3D5554FA-F29B-44AC-818D-033F7C6F3D48}.Debug|x64.Build.0 = Debug|x64
		{3D5554FA-F29B-44AC-818D-033F7C6F3D48}.Debug|x86.ActiveCfg = Debug|Win32
		{3D5554FA-F29B-44AC-818D-033F7C6F3D48}.Debug|x86.Build.0 = Debug|Win32
		{3D5554FA-F29B-44AC-818D-033F7C6F3D48}.Release|x64.ActiveCfg = Release|x64
		{3D5554FA-F29B-44AC-818D-033F7C6F3D48}.Release|x64.Build.0 = Release|x64
		{3D5554FA-F29B-44AC-818D-033F7C6F3D48}.Release|x86.ActiveCfg = Release|Win32
		{3D5554FA-F29B-44AC-818D-033F7C6F3D48}.Release|x86.Build.0 = Release|Win32
		{EA564F36-C42B-47F5-9FF9-62C91D8C14C9}.Debug|x64.ActiveCfg = Debug|x64
		{EA564F36-C42B-47F5-9FF9-62C91D8C14C9}.Debug|x64.Build.0 = Debug|x64
		{EA564F36-C42B-47F5-9FF9-62C91D8C14C9}.Debug|x86.ActiveCfg = Debug|Win32
		{EA564F36-C42B-47F5-9FF9-62C91D8C14C9}.Debug|x86.Build.0 = Debug|Win32
		{EA564F36-C42B-47F5-9FF9-62C91D8C14C9}.Release|x64.ActiveCfg = Release|x64
		{EA564F36-C42B-47F5-9FF9-62C91D8C14C9}.Release|x64.Build.0 = Release|x64
		{EA564F36-C42B-47F5-9FF9-62C91D8C14C9}.Release|x86.ActiveCfg = Release|Win32
		{EA564F36-C42B-47F5-9FF9-62C91D8C14C9}.Release|x86.Build.0 = Release|Win32
		{425C8D3F-BCC5-419B-8225-1879B18974F4}.Debug|x64.ActiveCfg = Debug|x64
		{425C8D3F-BCC5-419B-8225-1879B18974F4}.Debug|x64.Build.0 = Debug|x64
		{425C8D3F-BCC5-419B-8225-1879B18974F4}.Debug|x86.ActiveCfg = Debug|Win32
		{425C8D3F-BCC5-419B-8225-1879B18974F4}.Debug|x86.Build.0 = Debug|Win32
		{425C8D3F-BCC5-419B-8225-1879B18974F4}.Release|x64.ActiveCfg = Release|x64
		{425C8D3F-BCC5-419B-8225-1879B18974F4}.Release|x64.Build.0 = Release|x64
		{425C8D3F-BCC5-419B-8225-1879B18974F4}.Release|x86.ActiveCfg = Release|Win32
		{425C8D3F-BCC5-419B-8225-1879B18974F4}.Release|x86.Build.0 = Release|Win32
		{4BCA4834-0B7A-431C-8D66-B5369391DECF}.Debug|x64.ActiveCfg = Debug|x64
		{4BCA4834-0B7A-431C-8D66-B5369391DECF}.Debug|x64.Build.0 = Debug|x64
		{4BCA4834-0B7A-431C-8D66-B5369391DECF}.Debug|x86.ActiveCfg = Debug|Win32
		{4BCA4834-0B7A-431C-8D66-B5369391DECF}.Debug|x86.Build.0 = Debug|Win32
		{4BCA4834-0B7A-431C-8D66-B5369391DECF}.Release|x64.ActiveCfg = Release|x64
		{4BCA4834-0B7A-431C-8D66-B5369391DECF}.Release|x64.Build.0 = Release|x64
		{4BCA4834-0B7A-431C-8D66-B5369391DECF}.Release|x86.ActiveCfg = Release|Win32
		{4BCA4834-0B7A-431C-8D66-B5369391DECF}.Release|x86.Build.0 = Release|Win32
		{F240DDE8-B976-4B45-82DD-E39E4EB51927}.Debug|x64.ActiveCfg = Debug|x64
		{F240DDE8-B976-4B45-82DD-E39E4EB51927}.Debug|x64.Build.0 = Debug|x64
		{F240DDE8-B976-4B45-82DD-E39E4EB51927}.Debug|x86.ActiveCfg = Debug|Win32
		{F240DDE8-B976-4B45-82DD-E39E4EB51927}.Debug|x86.Build.0 = Debug|Win32
		{F240DDE8-B976-4B45-82DD-E39E4EB51927}.Release|x64.ActiveCfg = Release|x64
		{F240DDE8-B976-4B45-82DD-E39E4EB51927}.Release|x64.Build.0 = Release|x64
		{F240DDE8-B976-4B45-82DD-E39E4EB51927}.Release|x86.ActiveCfg = Release|Win32
		{F240DDE8-B976-4B45-82DD-E39E4EB51927}.Release|x86.Build.0 = Release|Win32
	EndGlobalSection
	GlobalSection(SolutionProperties) = preSolution
		HideSolutionNode = FALSE
	EndGlobalSection
	GlobalSection(ExtensibilityGlobals) = postSolution
		SolutionGuid = {C09C58D4-562D-4DD2-A66D-3692B6FF8BD1}
	EndGlobalSection
EndGlobal
